
Microsoft Visual Studio Solution File, Format Version 10.00
# Visual Studio 2008
Project("{8BC9CEB8-8B4A-11D0-8D11-00A0C91BC942}") = "TdfProcess", "TdfProcess\TdfProcess.vcproj", "{5170CC77-5DD3-4CE6-8DA2-0CF688E73295}"
EndProject
Project("{930C7802-8A8C-48F9-8165-68863BCCD9DD}") = "ida-setup", "ida-setup\ida-setup.wixproj", "{A6354E46-8012-449C-9EA9-FC5D31CF5759}"
	ProjectSection(ProjectDependencies) = postProject
		{5170CC77-5DD3-4CE6-8DA2-0CF688E73295} = {5170CC77-5DD3-4CE6-8DA2-0CF688E73295}
	EndProjectSection
EndProject
Project("{2150E333-8FDC-42A3-9474-1A3956D46DE8}") = "Solution Items", "Solution Items", "{054997E8-2579-41E5-A211-96AB02E7561B}"
	ProjectSection(SolutionItems) = preProject
		BuildInfo.xml = BuildInfo.xml
	EndProjectSection
EndProject
Global
	GlobalSection(SolutionConfigurationPlatforms) = preSolution
		Debug|Any CPU = Debug|Any CPU
		Debug|Mixed Platforms = Debug|Mixed Platforms
		Debug|Win32 = Debug|Win32
		Debug|x86 = Debug|x86
		Release|Any CPU = Release|Any CPU
		Release|Mixed Platforms = Release|Mixed Platforms
		Release|Win32 = Release|Win32
		Release|x86 = Release|x86
	EndGlobalSection
	GlobalSection(ProjectConfigurationPlatforms) = postSolution
		{5170CC77-5DD3-4CE6-8DA2-0CF688E73295}.Debug|Any CPU.ActiveCfg = Debug|Win32
		{5170CC77-5DD3-4CE6-8DA2-0CF688E73295}.Debug|Mixed Platforms.ActiveCfg = Debug|Win32
		{5170CC77-5DD3-4CE6-8DA2-0CF688E73295}.Debug|Mixed Platforms.Build.0 = Debug|Win32
		{5170CC77-5DD3-4CE6-8DA2-0CF688E73295}.Debug|Win32.ActiveCfg = Debug|Win32
		{5170CC77-5DD3-4CE6-8DA2-0CF688E73295}.Debug|Win32.Build.0 = Debug|Win32
		{5170CC77-5DD3-4CE6-8DA2-0CF688E73295}.Debug|x86.ActiveCfg = Debug|Win32
		{5170CC77-5DD3-4CE6-8DA2-0CF688E73295}.Release|Any CPU.ActiveCfg = Release|Win32
		{5170CC77-5DD3-4CE6-8DA2-0CF688E73295}.Release|Mixed Platforms.ActiveCfg = Release|Win32
		{5170CC77-5DD3-4CE6-8DA2-0CF688E73295}.Release|Mixed Platforms.Build.0 = Release|Win32
		{5170CC77-5DD3-4CE6-8DA2-0CF688E73295}.Release|Win32.ActiveCfg = Release|Win32
		{5170CC77-5DD3-4CE6-8DA2-0CF688E73295}.Release|Win32.Build.0 = Release|Win32
		{5170CC77-5DD3-4CE6-8DA2-0CF688E73295}.Release|x86.ActiveCfg = Release|Win32
		{A6354E46-8012-449C-9EA9-FC5D31CF5759}.Debug|Any CPU.ActiveCfg = Debug|x86
		{A6354E46-8012-449C-9EA9-FC5D31CF5759}.Debug|Mixed Platforms.ActiveCfg = Debug|x86
		{A6354E46-8012-449C-9EA9-FC5D31CF5759}.Debug|Mixed Platforms.Build.0 = Debug|x86
		{A6354E46-8012-449C-9EA9-FC5D31CF5759}.Debug|Win32.ActiveCfg = Debug|x86
		{A6354E46-8012-449C-9EA9-FC5D31CF5759}.Debug|x86.ActiveCfg = Debug|x86
		{A6354E46-8012-449C-9EA9-FC5D31CF5759}.Debug|x86.Build.0 = Debug|x86
		{A6354E46-8012-449C-9EA9-FC5D31CF5759}.Release|Any CPU.ActiveCfg = Release|x86
		{A6354E46-8012-449C-9EA9-FC5D31CF5759}.Release|Mixed Platforms.ActiveCfg = Release|x86
		{A6354E46-8012-449C-9EA9-FC5D31CF5759}.Release|Mixed Platforms.Build.0 = Release|x86
		{A6354E46-8012-449C-9EA9-FC5D31CF5759}.Release|Win32.ActiveCfg = Release|x86
		{A6354E46-8012-449C-9EA9-FC5D31CF5759}.Release|x86.ActiveCfg = Release|x86
		{A6354E46-8012-449C-9EA9-FC5D31CF5759}.Release|x86.Build.0 = Release|x86
	EndGlobalSection
	GlobalSection(SolutionProperties) = preSolution
		HideSolutionNode = FALSE
	EndGlobalSection
EndGlobal
